
Microsoft Visual Studio Solution File, Format Version 12.00
# Visual Studio 15
VisualStudioVersion = 15.0.27004.2005
MinimumVisualStudioVersion = 10.0.40219.1
Project("{8BC9CEB8-8B4A-11D0-8D11-00A0C91BC942}") = "37TruncPrimes", "37TruncPrimes\37TruncPrimes.vcxproj", "{7F3F6903-F9B1-443A-90A5-C4EB88715487}"
EndProject
Project("{8BC9CEB8-8B4A-11D0-8D11-00A0C91BC942}") = "39RightTriPeri", "39RightTriPeri\39RightTriPeri.vcxproj", "{68D9AC0A-7933-45D1-8847-B11701B7EF1D}"
EndProject
Project("{8BC9CEB8-8B4A-11D0-8D11-00A0C91BC942}") = "42TriWords", "42TriWords\42TriWords.vcxproj", "{C17FD362-AF5A-4581-A9E0-EEF77610F408}"
EndProject
Project("{8BC9CEB8-8B4A-11D0-8D11-00A0C91BC942}") = "44PenNum", "44PenNum\44PenNum.vcxproj", "{049E2451-C163-4944-AD2B-6CB2FC3653A2}"
EndProject
Project("{8BC9CEB8-8B4A-11D0-8D11-00A0C91BC942}") = "49PrPerms", "49PrPerms\49PrPerms.vcxproj", "{F2C8671C-13C8-45D8-92E6-31CF49EE77CA}"
EndProject
Project("{8BC9CEB8-8B4A-11D0-8D11-00A0C91BC942}") = "24LexPerm", "24LexPerm\24LexPerm.vcxproj", "{AF6FCFCD-0E20-4EF3-88B7-BAB728095E83}"
EndProject
Project("{8BC9CEB8-8B4A-11D0-8D11-00A0C91BC942}") = "40Champernowne", "40Champernowne\40Champernowne.vcxproj", "{D8840BE2-1852-4480-87F5-799DA9A10B0C}"
EndProject
Project("{8BC9CEB8-8B4A-11D0-8D11-00A0C91BC942}") = "41Pandigital", "41Pandigital\41Pandigital.vcxproj", "{FD499CD6-2312-414E-9987-6DB086E52F2C}"
EndProject
Project("{8BC9CEB8-8B4A-11D0-8D11-00A0C91BC942}") = "45Geom", "45Geom\45Geom.vcxproj", "{069DD04C-8B3C-4C0D-8D87-FDCE18E4FD9D}"
EndProject
Project("{8BC9CEB8-8B4A-11D0-8D11-00A0C91BC942}") = "35CircPrime", "35CircPrime\35CircPrime.vcxproj", "{5DEB7643-B89E-4E27-9427-6AB2CFEDFB45}"
EndProject
Project("{8BC9CEB8-8B4A-11D0-8D11-00A0C91BC942}") = "31CoinSums", "31CoinSums\31CoinSums.vcxproj", "{D2FC3898-6DED-4E8A-A8AF-103EF6E71A37}"
EndProject
Project("{8BC9CEB8-8B4A-11D0-8D11-00A0C91BC942}") = "43SubstrDiv", "43SubstrDiv\43SubstrDiv.vcxproj", "{9D543E8C-0718-49EE-BC93-59CA3B183EE1}"
EndProject
Project("{8BC9CEB8-8B4A-11D0-8D11-00A0C91BC942}") = "46Goldbach", "46Goldbach\46Goldbach.vcxproj", "{D8EF807E-BA97-42C4-B978-DB475A0813E3}"
EndProject
Project("{8BC9CEB8-8B4A-11D0-8D11-00A0C91BC942}") = "52PerMult", "52PerMult\52PerMult.vcxproj", "{48306045-8516-4707-83F8-2389FB8C310F}"
EndProject
Project("{8BC9CEB8-8B4A-11D0-8D11-00A0C91BC942}") = "53CombSel", "53CombSel\53CombSel.vcxproj", "{AFE09C9F-AEF8-423D-A1D4-566941EE70E5}"
EndProject
Project("{8BC9CEB8-8B4A-11D0-8D11-00A0C91BC942}") = "54Poker", "54Poker\54Poker.vcxproj", "{D26E4D0C-EC9C-44AF-BFCE-603169ABA28C}"
EndProject
Project("{8BC9CEB8-8B4A-11D0-8D11-00A0C91BC942}") = "59XOR", "59XOR\59XOR.vcxproj", "{40184DD6-57B1-41A7-86A1-D5AB1D30FAE0}"
EndProject
Project("{8BC9CEB8-8B4A-11D0-8D11-00A0C91BC942}") = "92SqChains", "92SqChains\92SqChains.vcxproj", "{7CBFD052-9DC4-42B1-AA74-73E43C2142D7}"
EndProject
Project("{8BC9CEB8-8B4A-11D0-8D11-00A0C91BC942}") = "75IntTri", "75IntTri\75IntTri.vcxproj", "{DF8B7279-4016-4FB0-89BA-D02443F6C5FB}"
EndProject
Project("{8BC9CEB8-8B4A-11D0-8D11-00A0C91BC942}") = "99BigExp", "99BigExp\99BigExp.vcxproj", "{265D4900-344A-4A9E-89AA-0D4030BC0E73}"
EndProject
Project("{8BC9CEB8-8B4A-11D0-8D11-00A0C91BC942}") = "90BlockPairs", "90BlockPairs\90BlockPairs.vcxproj", "{67B5479A-CED2-4660-A911-9E910BB70576}"
EndProject
Project("{8BC9CEB8-8B4A-11D0-8D11-00A0C91BC942}") = "65eConv", "65eConv\65eConv.vcxproj", "{7BD8700B-8DC7-4FC2-ACD5-59066A3AF196}"
EndProject
Project("{888888A0-9F3D-457C-B088-3A5042F75D52}") = "65eContFrac", "65eContFrac\65eContFrac.pyproj", "{0DAB0913-1024-4B80-8730-682AAA98356E}"
EndProject
Project("{888888A0-9F3D-457C-B088-3A5042F75D52}") = "57SqrtConv", "57SqrtConv\57SqrtConv.pyproj", "{A262CFF9-A33F-460F-97D0-2024386AD7BA}"
EndProject
Project("{8BC9CEB8-8B4A-11D0-8D11-00A0C91BC942}") = "47DistPrFacts", "47DistPrFacts\47DistPrFacts.vcxproj", "{1051FE6D-D76E-4DA2-A9D2-73B51F764FC2}"
EndProject
Project("{8BC9CEB8-8B4A-11D0-8D11-00A0C91BC942}") = "50ConsPrSum", "50ConsPrSum\50ConsPrSum.vcxproj", "{1DF31264-4C3E-46B6-818B-61B14D7F91C2}"
EndProject
Project("{8BC9CEB8-8B4A-11D0-8D11-00A0C91BC942}") = "51PrDigRepl", "51PrDigRepl\51PrDigRepl.vcxproj", "{19C1462A-18B9-45C0-90D7-77BB783D3BFC}"
EndProject
Project("{8BC9CEB8-8B4A-11D0-8D11-00A0C91BC942}") = "55Lychrel", "55Lychrel\55Lychrel.vcxproj", "{370F73B9-9C25-4CA3-B84F-5F400D8478C3}"
EndProject
Project("{8BC9CEB8-8B4A-11D0-8D11-00A0C91BC942}") = "76CountSum", "76CountSum\76CountSum.vcxproj", "{0065EEAE-B2BC-43E4-9D11-E33CB0CAAB03}"
EndProject
Project("{8BC9CEB8-8B4A-11D0-8D11-00A0C91BC942}") = "51CycFig", "51CycFig\51CycFig.vcxproj", "{71BDD022-E673-45E5-9B5D-A5E79C78788E}"
EndProject
Global
	GlobalSection(SolutionConfigurationPlatforms) = preSolution
		Debug|Any CPU = Debug|Any CPU
		Debug|x64 = Debug|x64
		Debug|x86 = Debug|x86
		Release|Any CPU = Release|Any CPU
		Release|x64 = Release|x64
		Release|x86 = Release|x86
	EndGlobalSection
	GlobalSection(ProjectConfigurationPlatforms) = postSolution
		{7F3F6903-F9B1-443A-90A5-C4EB88715487}.Debug|Any CPU.ActiveCfg = Debug|Win32
		{7F3F6903-F9B1-443A-90A5-C4EB88715487}.Debug|Any CPU.Build.0 = Debug|Win32
		{7F3F6903-F9B1-443A-90A5-C4EB88715487}.Debug|x64.ActiveCfg = Debug|x64
		{7F3F6903-F9B1-443A-90A5-C4EB88715487}.Debug|x64.Build.0 = Debug|x64
		{7F3F6903-F9B1-443A-90A5-C4EB88715487}.Debug|x86.ActiveCfg = Debug|Win32
		{7F3F6903-F9B1-443A-90A5-C4EB88715487}.Debug|x86.Build.0 = Debug|Win32
		{7F3F6903-F9B1-443A-90A5-C4EB88715487}.Release|Any CPU.ActiveCfg = Release|Win32
		{7F3F6903-F9B1-443A-90A5-C4EB88715487}.Release|x64.ActiveCfg = Release|x64
		{7F3F6903-F9B1-443A-90A5-C4EB88715487}.Release|x64.Build.0 = Release|x64
		{7F3F6903-F9B1-443A-90A5-C4EB88715487}.Release|x86.ActiveCfg = Release|Win32
		{7F3F6903-F9B1-443A-90A5-C4EB88715487}.Release|x86.Build.0 = Release|Win32
		{68D9AC0A-7933-45D1-8847-B11701B7EF1D}.Debug|Any CPU.ActiveCfg = Debug|Win32
		{68D9AC0A-7933-45D1-8847-B11701B7EF1D}.Debug|Any CPU.Build.0 = Debug|Win32
		{68D9AC0A-7933-45D1-8847-B11701B7EF1D}.Debug|x64.ActiveCfg = Debug|x64
		{68D9AC0A-7933-45D1-8847-B11701B7EF1D}.Debug|x64.Build.0 = Debug|x64
		{68D9AC0A-7933-45D1-8847-B11701B7EF1D}.Debug|x86.ActiveCfg = Debug|Win32
		{68D9AC0A-7933-45D1-8847-B11701B7EF1D}.Debug|x86.Build.0 = Debug|Win32
		{68D9AC0A-7933-45D1-8847-B11701B7EF1D}.Release|Any CPU.ActiveCfg = Release|Win32
		{68D9AC0A-7933-45D1-8847-B11701B7EF1D}.Release|x64.ActiveCfg = Release|x64
		{68D9AC0A-7933-45D1-8847-B11701B7EF1D}.Release|x64.Build.0 = Release|x64
		{68D9AC0A-7933-45D1-8847-B11701B7EF1D}.Release|x86.ActiveCfg = Release|Win32
		{68D9AC0A-7933-45D1-8847-B11701B7EF1D}.Release|x86.Build.0 = Release|Win32
		{C17FD362-AF5A-4581-A9E0-EEF77610F408}.Debug|Any CPU.ActiveCfg = Debug|Win32
		{C17FD362-AF5A-4581-A9E0-EEF77610F408}.Debug|Any CPU.Build.0 = Debug|Win32
		{C17FD362-AF5A-4581-A9E0-EEF77610F408}.Debug|x64.ActiveCfg = Debug|x64
		{C17FD362-AF5A-4581-A9E0-EEF77610F408}.Debug|x64.Build.0 = Debug|x64
		{C17FD362-AF5A-4581-A9E0-EEF77610F408}.Debug|x86.ActiveCfg = Debug|Win32
		{C17FD362-AF5A-4581-A9E0-EEF77610F408}.Debug|x86.Build.0 = Debug|Win32
		{C17FD362-AF5A-4581-A9E0-EEF77610F408}.Release|Any CPU.ActiveCfg = Release|Win32
		{C17FD362-AF5A-4581-A9E0-EEF77610F408}.Release|x64.ActiveCfg = Release|x64
		{C17FD362-AF5A-4581-A9E0-EEF77610F408}.Release|x64.Build.0 = Release|x64
		{C17FD362-AF5A-4581-A9E0-EEF77610F408}.Release|x86.ActiveCfg = Release|Win32
		{C17FD362-AF5A-4581-A9E0-EEF77610F408}.Release|x86.Build.0 = Release|Win32
		{049E2451-C163-4944-AD2B-6CB2FC3653A2}.Debug|Any CPU.ActiveCfg = Debug|Win32
		{049E2451-C163-4944-AD2B-6CB2FC3653A2}.Debug|Any CPU.Build.0 = Debug|Win32
		{049E2451-C163-4944-AD2B-6CB2FC3653A2}.Debug|x64.ActiveCfg = Debug|x64
		{049E2451-C163-4944-AD2B-6CB2FC3653A2}.Debug|x64.Build.0 = Debug|x64
		{049E2451-C163-4944-AD2B-6CB2FC3653A2}.Debug|x86.ActiveCfg = Debug|Win32
		{049E2451-C163-4944-AD2B-6CB2FC3653A2}.Debug|x86.Build.0 = Debug|Win32
		{049E2451-C163-4944-AD2B-6CB2FC3653A2}.Release|Any CPU.ActiveCfg = Release|Win32
		{049E2451-C163-4944-AD2B-6CB2FC3653A2}.Release|x64.ActiveCfg = Release|x64
		{049E2451-C163-4944-AD2B-6CB2FC3653A2}.Release|x64.Build.0 = Release|x64
		{049E2451-C163-4944-AD2B-6CB2FC3653A2}.Release|x86.ActiveCfg = Release|Win32
		{049E2451-C163-4944-AD2B-6CB2FC3653A2}.Release|x86.Build.0 = Release|Win32
		{F2C8671C-13C8-45D8-92E6-31CF49EE77CA}.Debug|Any CPU.ActiveCfg = Debug|Win32
		{F2C8671C-13C8-45D8-92E6-31CF49EE77CA}.Debug|Any CPU.Build.0 = Debug|Win32
		{F2C8671C-13C8-45D8-92E6-31CF49EE77CA}.Debug|x64.ActiveCfg = Debug|x64
		{F2C8671C-13C8-45D8-92E6-31CF49EE77CA}.Debug|x64.Build.0 = Debug|x64
		{F2C8671C-13C8-45D8-92E6-31CF49EE77CA}.Debug|x86.ActiveCfg = Debug|Win32
		{F2C8671C-13C8-45D8-92E6-31CF49EE77CA}.Debug|x86.Build.0 = Debug|Win32
		{F2C8671C-13C8-45D8-92E6-31CF49EE77CA}.Release|Any CPU.ActiveCfg = Release|Win32
		{F2C8671C-13C8-45D8-92E6-31CF49EE77CA}.Release|x64.ActiveCfg = Release|x64
		{F2C8671C-13C8-45D8-92E6-31CF49EE77CA}.Release|x64.Build.0 = Release|x64
		{F2C8671C-13C8-45D8-92E6-31CF49EE77CA}.Release|x86.ActiveCfg = Release|Win32
		{F2C8671C-13C8-45D8-92E6-31CF49EE77CA}.Release|x86.Build.0 = Release|Win32
		{AF6FCFCD-0E20-4EF3-88B7-BAB728095E83}.Debug|Any CPU.ActiveCfg = Debug|Win32
		{AF6FCFCD-0E20-4EF3-88B7-BAB728095E83}.Debug|Any CPU.Build.0 = Debug|Win32
		{AF6FCFCD-0E20-4EF3-88B7-BAB728095E83}.Debug|x64.ActiveCfg = Debug|x64
		{AF6FCFCD-0E20-4EF3-88B7-BAB728095E83}.Debug|x64.Build.0 = Debug|x64
		{AF6FCFCD-0E20-4EF3-88B7-BAB728095E83}.Debug|x86.ActiveCfg = Debug|Win32
		{AF6FCFCD-0E20-4EF3-88B7-BAB728095E83}.Debug|x86.Build.0 = Debug|Win32
		{AF6FCFCD-0E20-4EF3-88B7-BAB728095E83}.Release|Any CPU.ActiveCfg = Release|Win32
		{AF6FCFCD-0E20-4EF3-88B7-BAB728095E83}.Release|x64.ActiveCfg = Release|x64
		{AF6FCFCD-0E20-4EF3-88B7-BAB728095E83}.Release|x64.Build.0 = Release|x64
		{AF6FCFCD-0E20-4EF3-88B7-BAB728095E83}.Release|x86.ActiveCfg = Release|Win32
		{AF6FCFCD-0E20-4EF3-88B7-BAB728095E83}.Release|x86.Build.0 = Release|Win32
		{D8840BE2-1852-4480-87F5-799DA9A10B0C}.Debug|Any CPU.ActiveCfg = Debug|Win32
		{D8840BE2-1852-4480-87F5-799DA9A10B0C}.Debug|Any CPU.Build.0 = Debug|Win32
		{D8840BE2-1852-4480-87F5-799DA9A10B0C}.Debug|x64.ActiveCfg = Debug|x64
		{D8840BE2-1852-4480-87F5-799DA9A10B0C}.Debug|x64.Build.0 = Debug|x64
		{D8840BE2-1852-4480-87F5-799DA9A10B0C}.Debug|x86.ActiveCfg = Debug|Win32
		{D8840BE2-1852-4480-87F5-799DA9A10B0C}.Debug|x86.Build.0 = Debug|Win32
		{D8840BE2-1852-4480-87F5-799DA9A10B0C}.Release|Any CPU.ActiveCfg = Release|Win32
		{D8840BE2-1852-4480-87F5-799DA9A10B0C}.Release|x64.ActiveCfg = Release|x64
		{D8840BE2-1852-4480-87F5-799DA9A10B0C}.Release|x64.Build.0 = Release|x64
		{D8840BE2-1852-4480-87F5-799DA9A10B0C}.Release|x86.ActiveCfg = Release|Win32
		{D8840BE2-1852-4480-87F5-799DA9A10B0C}.Release|x86.Build.0 = Release|Win32
		{FD499CD6-2312-414E-9987-6DB086E52F2C}.Debug|Any CPU.ActiveCfg = Debug|Win32
		{FD499CD6-2312-414E-9987-6DB086E52F2C}.Debug|Any CPU.Build.0 = Debug|Win32
		{FD499CD6-2312-414E-9987-6DB086E52F2C}.Debug|x64.ActiveCfg = Debug|x64
		{FD499CD6-2312-414E-9987-6DB086E52F2C}.Debug|x64.Build.0 = Debug|x64
		{FD499CD6-2312-414E-9987-6DB086E52F2C}.Debug|x86.ActiveCfg = Debug|Win32
		{FD499CD6-2312-414E-9987-6DB086E52F2C}.Debug|x86.Build.0 = Debug|Win32
		{FD499CD6-2312-414E-9987-6DB086E52F2C}.Release|Any CPU.ActiveCfg = Release|Win32
		{FD499CD6-2312-414E-9987-6DB086E52F2C}.Release|x64.ActiveCfg = Release|x64
		{FD499CD6-2312-414E-9987-6DB086E52F2C}.Release|x64.Build.0 = Release|x64
		{FD499CD6-2312-414E-9987-6DB086E52F2C}.Release|x86.ActiveCfg = Release|Win32
		{FD499CD6-2312-414E-9987-6DB086E52F2C}.Release|x86.Build.0 = Release|Win32
		{069DD04C-8B3C-4C0D-8D87-FDCE18E4FD9D}.Debug|Any CPU.ActiveCfg = Debug|Win32
		{069DD04C-8B3C-4C0D-8D87-FDCE18E4FD9D}.Debug|Any CPU.Build.0 = Debug|Win32
		{069DD04C-8B3C-4C0D-8D87-FDCE18E4FD9D}.Debug|x64.ActiveCfg = Debug|x64
		{069DD04C-8B3C-4C0D-8D87-FDCE18E4FD9D}.Debug|x64.Build.0 = Debug|x64
		{069DD04C-8B3C-4C0D-8D87-FDCE18E4FD9D}.Debug|x86.ActiveCfg = Debug|Win32
		{069DD04C-8B3C-4C0D-8D87-FDCE18E4FD9D}.Debug|x86.Build.0 = Debug|Win32
		{069DD04C-8B3C-4C0D-8D87-FDCE18E4FD9D}.Release|Any CPU.ActiveCfg = Release|Win32
		{069DD04C-8B3C-4C0D-8D87-FDCE18E4FD9D}.Release|x64.ActiveCfg = Release|x64
		{069DD04C-8B3C-4C0D-8D87-FDCE18E4FD9D}.Release|x64.Build.0 = Release|x64
		{069DD04C-8B3C-4C0D-8D87-FDCE18E4FD9D}.Release|x86.ActiveCfg = Release|Win32
		{069DD04C-8B3C-4C0D-8D87-FDCE18E4FD9D}.Release|x86.Build.0 = Release|Win32
		{5DEB7643-B89E-4E27-9427-6AB2CFEDFB45}.Debug|Any CPU.ActiveCfg = Debug|Win32
		{5DEB7643-B89E-4E27-9427-6AB2CFEDFB45}.Debug|Any CPU.Build.0 = Debug|Win32
		{5DEB7643-B89E-4E27-9427-6AB2CFEDFB45}.Debug|x64.ActiveCfg = Debug|x64
		{5DEB7643-B89E-4E27-9427-6AB2CFEDFB45}.Debug|x64.Build.0 = Debug|x64
		{5DEB7643-B89E-4E27-9427-6AB2CFEDFB45}.Debug|x86.ActiveCfg = Debug|Win32
		{5DEB7643-B89E-4E27-9427-6AB2CFEDFB45}.Debug|x86.Build.0 = Debug|Win32
		{5DEB7643-B89E-4E27-9427-6AB2CFEDFB45}.Release|Any CPU.ActiveCfg = Release|Win32
		{5DEB7643-B89E-4E27-9427-6AB2CFEDFB45}.Release|x64.ActiveCfg = Release|x64
		{5DEB7643-B89E-4E27-9427-6AB2CFEDFB45}.Release|x64.Build.0 = Release|x64
		{5DEB7643-B89E-4E27-9427-6AB2CFEDFB45}.Release|x86.ActiveCfg = Release|Win32
		{5DEB7643-B89E-4E27-9427-6AB2CFEDFB45}.Release|x86.Build.0 = Release|Win32
		{D2FC3898-6DED-4E8A-A8AF-103EF6E71A37}.Debug|Any CPU.ActiveCfg = Debug|Win32
		{D2FC3898-6DED-4E8A-A8AF-103EF6E71A37}.Debug|Any CPU.Build.0 = Debug|Win32
		{D2FC3898-6DED-4E8A-A8AF-103EF6E71A37}.Debug|x64.ActiveCfg = Debug|x64
		{D2FC3898-6DED-4E8A-A8AF-103EF6E71A37}.Debug|x64.Build.0 = Debug|x64
		{D2FC3898-6DED-4E8A-A8AF-103EF6E71A37}.Debug|x86.ActiveCfg = Debug|Win32
		{D2FC3898-6DED-4E8A-A8AF-103EF6E71A37}.Debug|x86.Build.0 = Debug|Win32
		{D2FC3898-6DED-4E8A-A8AF-103EF6E71A37}.Release|Any CPU.ActiveCfg = Release|Win32
		{D2FC3898-6DED-4E8A-A8AF-103EF6E71A37}.Release|x64.ActiveCfg = Release|x64
		{D2FC3898-6DED-4E8A-A8AF-103EF6E71A37}.Release|x64.Build.0 = Release|x64
		{D2FC3898-6DED-4E8A-A8AF-103EF6E71A37}.Release|x86.ActiveCfg = Release|Win32
		{D2FC3898-6DED-4E8A-A8AF-103EF6E71A37}.Release|x86.Build.0 = Release|Win32
		{9D543E8C-0718-49EE-BC93-59CA3B183EE1}.Debug|Any CPU.ActiveCfg = Debug|Win32
		{9D543E8C-0718-49EE-BC93-59CA3B183EE1}.Debug|Any CPU.Build.0 = Debug|Win32
		{9D543E8C-0718-49EE-BC93-59CA3B183EE1}.Debug|x64.ActiveCfg = Debug|x64
		{9D543E8C-0718-49EE-BC93-59CA3B183EE1}.Debug|x64.Build.0 = Debug|x64
		{9D543E8C-0718-49EE-BC93-59CA3B183EE1}.Debug|x86.ActiveCfg = Debug|Win32
		{9D543E8C-0718-49EE-BC93-59CA3B183EE1}.Debug|x86.Build.0 = Debug|Win32
		{9D543E8C-0718-49EE-BC93-59CA3B183EE1}.Release|Any CPU.ActiveCfg = Release|Win32
		{9D543E8C-0718-49EE-BC93-59CA3B183EE1}.Release|x64.ActiveCfg = Release|x64
		{9D543E8C-0718-49EE-BC93-59CA3B183EE1}.Release|x64.Build.0 = Release|x64
		{9D543E8C-0718-49EE-BC93-59CA3B183EE1}.Release|x86.ActiveCfg = Release|Win32
		{9D543E8C-0718-49EE-BC93-59CA3B183EE1}.Release|x86.Build.0 = Release|Win32
		{D8EF807E-BA97-42C4-B978-DB475A0813E3}.Debug|Any CPU.ActiveCfg = Debug|Win32
		{D8EF807E-BA97-42C4-B978-DB475A0813E3}.Debug|Any CPU.Build.0 = Debug|Win32
		{D8EF807E-BA97-42C4-B978-DB475A0813E3}.Debug|x64.ActiveCfg = Debug|x64
		{D8EF807E-BA97-42C4-B978-DB475A0813E3}.Debug|x64.Build.0 = Debug|x64
		{D8EF807E-BA97-42C4-B978-DB475A0813E3}.Debug|x86.ActiveCfg = Debug|Win32
		{D8EF807E-BA97-42C4-B978-DB475A0813E3}.Debug|x86.Build.0 = Debug|Win32
		{D8EF807E-BA97-42C4-B978-DB475A0813E3}.Release|Any CPU.ActiveCfg = Release|Win32
		{D8EF807E-BA97-42C4-B978-DB475A0813E3}.Release|x64.ActiveCfg = Release|x64
		{D8EF807E-BA97-42C4-B978-DB475A0813E3}.Release|x64.Build.0 = Release|x64
		{D8EF807E-BA97-42C4-B978-DB475A0813E3}.Release|x86.ActiveCfg = Release|Win32
		{D8EF807E-BA97-42C4-B978-DB475A0813E3}.Release|x86.Build.0 = Release|Win32
		{48306045-8516-4707-83F8-2389FB8C310F}.Debug|Any CPU.ActiveCfg = Debug|Win32
		{48306045-8516-4707-83F8-2389FB8C310F}.Debug|Any CPU.Build.0 = Debug|Win32
		{48306045-8516-4707-83F8-2389FB8C310F}.Debug|x64.ActiveCfg = Debug|x64
		{48306045-8516-4707-83F8-2389FB8C310F}.Debug|x64.Build.0 = Debug|x64
		{48306045-8516-4707-83F8-2389FB8C310F}.Debug|x86.ActiveCfg = Debug|Win32
		{48306045-8516-4707-83F8-2389FB8C310F}.Debug|x86.Build.0 = Debug|Win32
		{48306045-8516-4707-83F8-2389FB8C310F}.Release|Any CPU.ActiveCfg = Release|Win32
		{48306045-8516-4707-83F8-2389FB8C310F}.Release|x64.ActiveCfg = Release|x64
		{48306045-8516-4707-83F8-2389FB8C310F}.Release|x64.Build.0 = Release|x64
		{48306045-8516-4707-83F8-2389FB8C310F}.Release|x86.ActiveCfg = Release|Win32
		{48306045-8516-4707-83F8-2389FB8C310F}.Release|x86.Build.0 = Release|Win32
		{AFE09C9F-AEF8-423D-A1D4-566941EE70E5}.Debug|Any CPU.ActiveCfg = Debug|Win32
		{AFE09C9F-AEF8-423D-A1D4-566941EE70E5}.Debug|Any CPU.Build.0 = Debug|Win32
		{AFE09C9F-AEF8-423D-A1D4-566941EE70E5}.Debug|x64.ActiveCfg = Debug|x64
		{AFE09C9F-AEF8-423D-A1D4-566941EE70E5}.Debug|x64.Build.0 = Debug|x64
		{AFE09C9F-AEF8-423D-A1D4-566941EE70E5}.Debug|x86.ActiveCfg = Debug|Win32
		{AFE09C9F-AEF8-423D-A1D4-566941EE70E5}.Debug|x86.Build.0 = Debug|Win32
		{AFE09C9F-AEF8-423D-A1D4-566941EE70E5}.Release|Any CPU.ActiveCfg = Release|Win32
		{AFE09C9F-AEF8-423D-A1D4-566941EE70E5}.Release|x64.ActiveCfg = Release|x64
		{AFE09C9F-AEF8-423D-A1D4-566941EE70E5}.Release|x64.Build.0 = Release|x64
		{AFE09C9F-AEF8-423D-A1D4-566941EE70E5}.Release|x86.ActiveCfg = Release|Win32
		{AFE09C9F-AEF8-423D-A1D4-566941EE70E5}.Release|x86.Build.0 = Release|Win32
		{D26E4D0C-EC9C-44AF-BFCE-603169ABA28C}.Debug|Any CPU.ActiveCfg = Debug|Win32
		{D26E4D0C-EC9C-44AF-BFCE-603169ABA28C}.Debug|Any CPU.Build.0 = Debug|Win32
		{D26E4D0C-EC9C-44AF-BFCE-603169ABA28C}.Debug|x64.ActiveCfg = Debug|x64
		{D26E4D0C-EC9C-44AF-BFCE-603169ABA28C}.Debug|x64.Build.0 = Debug|x64
		{D26E4D0C-EC9C-44AF-BFCE-603169ABA28C}.Debug|x86.ActiveCfg = Debug|Win32
		{D26E4D0C-EC9C-44AF-BFCE-603169ABA28C}.Debug|x86.Build.0 = Debug|Win32
		{D26E4D0C-EC9C-44AF-BFCE-603169ABA28C}.Release|Any CPU.ActiveCfg = Release|Win32
		{D26E4D0C-EC9C-44AF-BFCE-603169ABA28C}.Release|x64.ActiveCfg = Release|x64
		{D26E4D0C-EC9C-44AF-BFCE-603169ABA28C}.Release|x64.Build.0 = Release|x64
		{D26E4D0C-EC9C-44AF-BFCE-603169ABA28C}.Release|x86.ActiveCfg = Release|Win32
		{D26E4D0C-EC9C-44AF-BFCE-603169ABA28C}.Release|x86.Build.0 = Release|Win32
		{40184DD6-57B1-41A7-86A1-D5AB1D30FAE0}.Debug|Any CPU.ActiveCfg = Debug|Win32
		{40184DD6-57B1-41A7-86A1-D5AB1D30FAE0}.Debug|Any CPU.Build.0 = Debug|Win32
		{40184DD6-57B1-41A7-86A1-D5AB1D30FAE0}.Debug|x64.ActiveCfg = Debug|x64
		{40184DD6-57B1-41A7-86A1-D5AB1D30FAE0}.Debug|x64.Build.0 = Debug|x64
		{40184DD6-57B1-41A7-86A1-D5AB1D30FAE0}.Debug|x86.ActiveCfg = Debug|Win32
		{40184DD6-57B1-41A7-86A1-D5AB1D30FAE0}.Debug|x86.Build.0 = Debug|Win32
		{40184DD6-57B1-41A7-86A1-D5AB1D30FAE0}.Release|Any CPU.ActiveCfg = Release|Win32
		{40184DD6-57B1-41A7-86A1-D5AB1D30FAE0}.Release|x64.ActiveCfg = Release|x64
		{40184DD6-57B1-41A7-86A1-D5AB1D30FAE0}.Release|x64.Build.0 = Release|x64
		{40184DD6-57B1-41A7-86A1-D5AB1D30FAE0}.Release|x86.ActiveCfg = Release|Win32
		{40184DD6-57B1-41A7-86A1-D5AB1D30FAE0}.Release|x86.Build.0 = Release|Win32
		{7CBFD052-9DC4-42B1-AA74-73E43C2142D7}.Debug|Any CPU.ActiveCfg = Debug|Win32
		{7CBFD052-9DC4-42B1-AA74-73E43C2142D7}.Debug|Any CPU.Build.0 = Debug|Win32
		{7CBFD052-9DC4-42B1-AA74-73E43C2142D7}.Debug|x64.ActiveCfg = Debug|x64
		{7CBFD052-9DC4-42B1-AA74-73E43C2142D7}.Debug|x64.Build.0 = Debug|x64
		{7CBFD052-9DC4-42B1-AA74-73E43C2142D7}.Debug|x86.ActiveCfg = Debug|Win32
		{7CBFD052-9DC4-42B1-AA74-73E43C2142D7}.Debug|x86.Build.0 = Debug|Win32
		{7CBFD052-9DC4-42B1-AA74-73E43C2142D7}.Release|Any CPU.ActiveCfg = Release|Win32
		{7CBFD052-9DC4-42B1-AA74-73E43C2142D7}.Release|x64.ActiveCfg = Release|x64
		{7CBFD052-9DC4-42B1-AA74-73E43C2142D7}.Release|x64.Build.0 = Release|x64
		{7CBFD052-9DC4-42B1-AA74-73E43C2142D7}.Release|x86.ActiveCfg = Release|Win32
		{7CBFD052-9DC4-42B1-AA74-73E43C2142D7}.Release|x86.Build.0 = Release|Win32
		{DF8B7279-4016-4FB0-89BA-D02443F6C5FB}.Debug|Any CPU.ActiveCfg = Debug|Win32
		{DF8B7279-4016-4FB0-89BA-D02443F6C5FB}.Debug|Any CPU.Build.0 = Debug|Win32
		{DF8B7279-4016-4FB0-89BA-D02443F6C5FB}.Debug|x64.ActiveCfg = Debug|x64
		{DF8B7279-4016-4FB0-89BA-D02443F6C5FB}.Debug|x64.Build.0 = Debug|x64
		{DF8B7279-4016-4FB0-89BA-D02443F6C5FB}.Debug|x86.ActiveCfg = Debug|Win32
		{DF8B7279-4016-4FB0-89BA-D02443F6C5FB}.Debug|x86.Build.0 = Debug|Win32
		{DF8B7279-4016-4FB0-89BA-D02443F6C5FB}.Release|Any CPU.ActiveCfg = Release|Win32
		{DF8B7279-4016-4FB0-89BA-D02443F6C5FB}.Release|x64.ActiveCfg = Release|x64
		{DF8B7279-4016-4FB0-89BA-D02443F6C5FB}.Release|x64.Build.0 = Release|x64
		{DF8B7279-4016-4FB0-89BA-D02443F6C5FB}.Release|x86.ActiveCfg = Release|Win32
		{DF8B7279-4016-4FB0-89BA-D02443F6C5FB}.Release|x86.Build.0 = Release|Win32
		{265D4900-344A-4A9E-89AA-0D4030BC0E73}.Debug|Any CPU.ActiveCfg = Debug|Win32
		{265D4900-344A-4A9E-89AA-0D4030BC0E73}.Debug|Any CPU.Build.0 = Debug|Win32
		{265D4900-344A-4A9E-89AA-0D4030BC0E73}.Debug|x64.ActiveCfg = Debug|x64
		{265D4900-344A-4A9E-89AA-0D4030BC0E73}.Debug|x64.Build.0 = Debug|x64
		{265D4900-344A-4A9E-89AA-0D4030BC0E73}.Debug|x86.ActiveCfg = Debug|Win32
		{265D4900-344A-4A9E-89AA-0D4030BC0E73}.Debug|x86.Build.0 = Debug|Win32
		{265D4900-344A-4A9E-89AA-0D4030BC0E73}.Release|Any CPU.ActiveCfg = Release|Win32
		{265D4900-344A-4A9E-89AA-0D4030BC0E73}.Release|x64.ActiveCfg = Release|x64
		{265D4900-344A-4A9E-89AA-0D4030BC0E73}.Release|x64.Build.0 = Release|x64
		{265D4900-344A-4A9E-89AA-0D4030BC0E73}.Release|x86.ActiveCfg = Release|Win32
		{265D4900-344A-4A9E-89AA-0D4030BC0E73}.Release|x86.Build.0 = Release|Win32
		{67B5479A-CED2-4660-A911-9E910BB70576}.Debug|Any CPU.ActiveCfg = Debug|Win32
		{67B5479A-CED2-4660-A911-9E910BB70576}.Debug|Any CPU.Build.0 = Debug|Win32
		{67B5479A-CED2-4660-A911-9E910BB70576}.Debug|x64.ActiveCfg = Debug|x64
		{67B5479A-CED2-4660-A911-9E910BB70576}.Debug|x64.Build.0 = Debug|x64
		{67B5479A-CED2-4660-A911-9E910BB70576}.Debug|x86.ActiveCfg = Debug|Win32
		{67B5479A-CED2-4660-A911-9E910BB70576}.Debug|x86.Build.0 = Debug|Win32
		{67B5479A-CED2-4660-A911-9E910BB70576}.Release|Any CPU.ActiveCfg = Release|Win32
		{67B5479A-CED2-4660-A911-9E910BB70576}.Release|x64.ActiveCfg = Release|x64
		{67B5479A-CED2-4660-A911-9E910BB70576}.Release|x64.Build.0 = Release|x64
		{67B5479A-CED2-4660-A911-9E910BB70576}.Release|x86.ActiveCfg = Release|Win32
		{67B5479A-CED2-4660-A911-9E910BB70576}.Release|x86.Build.0 = Release|Win32
		{7BD8700B-8DC7-4FC2-ACD5-59066A3AF196}.Debug|Any CPU.ActiveCfg = Debug|Win32
		{7BD8700B-8DC7-4FC2-ACD5-59066A3AF196}.Debug|Any CPU.Build.0 = Debug|Win32
		{7BD8700B-8DC7-4FC2-ACD5-59066A3AF196}.Debug|x64.ActiveCfg = Debug|x64
		{7BD8700B-8DC7-4FC2-ACD5-59066A3AF196}.Debug|x64.Build.0 = Debug|x64
		{7BD8700B-8DC7-4FC2-ACD5-59066A3AF196}.Debug|x86.ActiveCfg = Debug|Win32
		{7BD8700B-8DC7-4FC2-ACD5-59066A3AF196}.Debug|x86.Build.0 = Debug|Win32
		{7BD8700B-8DC7-4FC2-ACD5-59066A3AF196}.Release|Any CPU.ActiveCfg = Release|Win32
		{7BD8700B-8DC7-4FC2-ACD5-59066A3AF196}.Release|x64.ActiveCfg = Release|x64
		{7BD8700B-8DC7-4FC2-ACD5-59066A3AF196}.Release|x64.Build.0 = Release|x64
		{7BD8700B-8DC7-4FC2-ACD5-59066A3AF196}.Release|x86.ActiveCfg = Release|Win32
		{7BD8700B-8DC7-4FC2-ACD5-59066A3AF196}.Release|x86.Build.0 = Release|Win32
		{0DAB0913-1024-4B80-8730-682AAA98356E}.Debug|Any CPU.ActiveCfg = Debug|Any CPU
		{0DAB0913-1024-4B80-8730-682AAA98356E}.Debug|x64.ActiveCfg = Debug|Any CPU
		{0DAB0913-1024-4B80-8730-682AAA98356E}.Debug|x86.ActiveCfg = Debug|Any CPU
		{0DAB0913-1024-4B80-8730-682AAA98356E}.Release|Any CPU.ActiveCfg = Release|Any CPU
		{0DAB0913-1024-4B80-8730-682AAA98356E}.Release|x64.ActiveCfg = Release|Any CPU
		{0DAB0913-1024-4B80-8730-682AAA98356E}.Release|x86.ActiveCfg = Release|Any CPU
		{A262CFF9-A33F-460F-97D0-2024386AD7BA}.Debug|Any CPU.ActiveCfg = Debug|Any CPU
		{A262CFF9-A33F-460F-97D0-2024386AD7BA}.Debug|x64.ActiveCfg = Debug|Any CPU
		{A262CFF9-A33F-460F-97D0-2024386AD7BA}.Debug|x86.ActiveCfg = Debug|Any CPU
		{A262CFF9-A33F-460F-97D0-2024386AD7BA}.Release|Any CPU.ActiveCfg = Release|Any CPU
		{A262CFF9-A33F-460F-97D0-2024386AD7BA}.Release|x64.ActiveCfg = Release|Any CPU
		{A262CFF9-A33F-460F-97D0-2024386AD7BA}.Release|x86.ActiveCfg = Release|Any CPU
		{1051FE6D-D76E-4DA2-A9D2-73B51F764FC2}.Debug|Any CPU.ActiveCfg = Debug|Win32
		{1051FE6D-D76E-4DA2-A9D2-73B51F764FC2}.Debug|Any CPU.Build.0 = Debug|Win32
		{1051FE6D-D76E-4DA2-A9D2-73B51F764FC2}.Debug|x64.ActiveCfg = Debug|x64
		{1051FE6D-D76E-4DA2-A9D2-73B51F764FC2}.Debug|x64.Build.0 = Debug|x64
		{1051FE6D-D76E-4DA2-A9D2-73B51F764FC2}.Debug|x86.ActiveCfg = Debug|Win32
		{1051FE6D-D76E-4DA2-A9D2-73B51F764FC2}.Debug|x86.Build.0 = Debug|Win32
		{1051FE6D-D76E-4DA2-A9D2-73B51F764FC2}.Release|Any CPU.ActiveCfg = Release|Win32
		{1051FE6D-D76E-4DA2-A9D2-73B51F764FC2}.Release|x64.ActiveCfg = Release|x64
		{1051FE6D-D76E-4DA2-A9D2-73B51F764FC2}.Release|x64.Build.0 = Release|x64
		{1051FE6D-D76E-4DA2-A9D2-73B51F764FC2}.Release|x86.ActiveCfg = Release|Win32
		{1051FE6D-D76E-4DA2-A9D2-73B51F764FC2}.Release|x86.Build.0 = Release|Win32
		{1DF31264-4C3E-46B6-818B-61B14D7F91C2}.Debug|Any CPU.ActiveCfg = Debug|Win32
		{1DF31264-4C3E-46B6-818B-61B14D7F91C2}.Debug|Any CPU.Build.0 = Debug|Win32
		{1DF31264-4C3E-46B6-818B-61B14D7F91C2}.Debug|x64.ActiveCfg = Debug|x64
		{1DF31264-4C3E-46B6-818B-61B14D7F91C2}.Debug|x64.Build.0 = Debug|x64
		{1DF31264-4C3E-46B6-818B-61B14D7F91C2}.Debug|x86.ActiveCfg = Debug|Win32
		{1DF31264-4C3E-46B6-818B-61B14D7F91C2}.Debug|x86.Build.0 = Debug|Win32
		{1DF31264-4C3E-46B6-818B-61B14D7F91C2}.Release|Any CPU.ActiveCfg = Release|Win32
		{1DF31264-4C3E-46B6-818B-61B14D7F91C2}.Release|x64.ActiveCfg = Release|x64
		{1DF31264-4C3E-46B6-818B-61B14D7F91C2}.Release|x64.Build.0 = Release|x64
		{1DF31264-4C3E-46B6-818B-61B14D7F91C2}.Release|x86.ActiveCfg = Release|Win32
		{1DF31264-4C3E-46B6-818B-61B14D7F91C2}.Release|x86.Build.0 = Release|Win32
		{19C1462A-18B9-45C0-90D7-77BB783D3BFC}.Debug|Any CPU.ActiveCfg = Debug|Win32
		{19C1462A-18B9-45C0-90D7-77BB783D3BFC}.Debug|Any CPU.Build.0 = Debug|Win32
		{19C1462A-18B9-45C0-90D7-77BB783D3BFC}.Debug|x64.ActiveCfg = Debug|x64
		{19C1462A-18B9-45C0-90D7-77BB783D3BFC}.Debug|x64.Build.0 = Debug|x64
		{19C1462A-18B9-45C0-90D7-77BB783D3BFC}.Debug|x86.ActiveCfg = Debug|Win32
		{19C1462A-18B9-45C0-90D7-77BB783D3BFC}.Debug|x86.Build.0 = Debug|Win32
		{19C1462A-18B9-45C0-90D7-77BB783D3BFC}.Release|Any CPU.ActiveCfg = Release|Win32
		{19C1462A-18B9-45C0-90D7-77BB783D3BFC}.Release|x64.ActiveCfg = Release|x64
		{19C1462A-18B9-45C0-90D7-77BB783D3BFC}.Release|x64.Build.0 = Release|x64
		{19C1462A-18B9-45C0-90D7-77BB783D3BFC}.Release|x86.ActiveCfg = Release|Win32
		{19C1462A-18B9-45C0-90D7-77BB783D3BFC}.Release|x86.Build.0 = Release|Win32
		{370F73B9-9C25-4CA3-B84F-5F400D8478C3}.Debug|Any CPU.ActiveCfg = Debug|Win32
		{370F73B9-9C25-4CA3-B84F-5F400D8478C3}.Debug|Any CPU.Build.0 = Debug|Win32
		{370F73B9-9C25-4CA3-B84F-5F400D8478C3}.Debug|x64.ActiveCfg = Debug|x64
		{370F73B9-9C25-4CA3-B84F-5F400D8478C3}.Debug|x64.Build.0 = Debug|x64
		{370F73B9-9C25-4CA3-B84F-5F400D8478C3}.Debug|x86.ActiveCfg = Debug|Win32
		{370F73B9-9C25-4CA3-B84F-5F400D8478C3}.Debug|x86.Build.0 = Debug|Win32
		{370F73B9-9C25-4CA3-B84F-5F400D8478C3}.Release|Any CPU.ActiveCfg = Release|Win32
		{370F73B9-9C25-4CA3-B84F-5F400D8478C3}.Release|x64.ActiveCfg = Release|x64
		{370F73B9-9C25-4CA3-B84F-5F400D8478C3}.Release|x64.Build.0 = Release|x64
		{370F73B9-9C25-4CA3-B84F-5F400D8478C3}.Release|x86.ActiveCfg = Release|Win32
		{370F73B9-9C25-4CA3-B84F-5F400D8478C3}.Release|x86.Build.0 = Release|Win32
		{0065EEAE-B2BC-43E4-9D11-E33CB0CAAB03}.Debug|Any CPU.ActiveCfg = Debug|Win32
		{0065EEAE-B2BC-43E4-9D11-E33CB0CAAB03}.Debug|Any CPU.Build.0 = Debug|Win32
		{0065EEAE-B2BC-43E4-9D11-E33CB0CAAB03}.Debug|x64.ActiveCfg = Debug|x64
		{0065EEAE-B2BC-43E4-9D11-E33CB0CAAB03}.Debug|x64.Build.0 = Debug|x64
		{0065EEAE-B2BC-43E4-9D11-E33CB0CAAB03}.Debug|x86.ActiveCfg = Debug|Win32
		{0065EEAE-B2BC-43E4-9D11-E33CB0CAAB03}.Debug|x86.Build.0 = Debug|Win32
		{0065EEAE-B2BC-43E4-9D11-E33CB0CAAB03}.Release|Any CPU.ActiveCfg = Release|Win32
		{0065EEAE-B2BC-43E4-9D11-E33CB0CAAB03}.Release|x64.ActiveCfg = Release|x64
		{0065EEAE-B2BC-43E4-9D11-E33CB0CAAB03}.Release|x64.Build.0 = Release|x64
		{0065EEAE-B2BC-43E4-9D11-E33CB0CAAB03}.Release|x86.ActiveCfg = Release|Win32
		{0065EEAE-B2BC-43E4-9D11-E33CB0CAAB03}.Release|x86.Build.0 = Release|Win32
		{71BDD022-E673-45E5-9B5D-A5E79C78788E}.Debug|Any CPU.ActiveCfg = Debug|Win32
		{71BDD022-E673-45E5-9B5D-A5E79C78788E}.Debug|x64.ActiveCfg = Debug|x64
		{71BDD022-E673-45E5-9B5D-A5E79C78788E}.Debug|x64.Build.0 = Debug|x64
		{71BDD022-E673-45E5-9B5D-A5E79C78788E}.Debug|x86.ActiveCfg = Debug|Win32
		{71BDD022-E673-45E5-9B5D-A5E79C78788E}.Debug|x86.Build.0 = Debug|Win32
		{71BDD022-E673-45E5-9B5D-A5E79C78788E}.Release|Any CPU.ActiveCfg = Release|Win32
		{71BDD022-E673-45E5-9B5D-A5E79C78788E}.Release|x64.ActiveCfg = Release|x64
		{71BDD022-E673-45E5-9B5D-A5E79C78788E}.Release|x64.Build.0 = Release|x64
		{71BDD022-E673-45E5-9B5D-A5E79C78788E}.Release|x86.ActiveCfg = Release|Win32
		{71BDD022-E673-45E5-9B5D-A5E79C78788E}.Release|x86.Build.0 = Release|Win32
	EndGlobalSection
	GlobalSection(SolutionProperties) = preSolution
		HideSolutionNode = FALSE
	EndGlobalSection
	GlobalSection(ExtensibilityGlobals) = postSolution
		SolutionGuid = {F509DBC3-5C3E-4E99-ACEE-622138B767A7}
	EndGlobalSection
EndGlobal
